// !$*UTF8*$!
{
	archiveVersion = 1;
	classes = {
	};
	objectVersion = 48;
	objects = {

/* Begin PBXBuildFile section */
		1683785EF62A0EED942BE16B /* libPods-SampleApplication.a in Frameworks */ = {isa = PBXBuildFile; fileRef = 6CC73815B4B3575B5B4DEC76 /* libPods-SampleApplication.a */; };
		5EB0522E21CB126F100A5700 /* libPods-SampleApplicationTests.a in Frameworks */ = {isa = PBXBuildFile; fileRef = 3952CC0F3C8133C7B2C30FFB /* libPods-SampleApplicationTests.a */; };
		E56998CB1FBA580C00FB2BCF /* SAMainView.m in Sources */ = {isa = PBXBuildFile; fileRef = E56998CA1FBA580C00FB2BCF /* SAMainView.m */; };
		E583688A1FBA549000B2B29A /* AppDelegate.m in Sources */ = {isa = PBXBuildFile; fileRef = E58368891FBA549000B2B29A /* AppDelegate.m */; };
		E583688D1FBA549000B2B29A /* SAMainViewController.m in Sources */ = {isa = PBXBuildFile; fileRef = E583688C1FBA549000B2B29A /* SAMainViewController.m */; };
		E58368901FBA549000B2B29A /* Main.storyboard in Resources */ = {isa = PBXBuildFile; fileRef = E583688E1FBA549000B2B29A /* Main.storyboard */; };
		E58368921FBA549000B2B29A /* Assets.xcassets in Resources */ = {isa = PBXBuildFile; fileRef = E58368911FBA549000B2B29A /* Assets.xcassets */; };
		E58368951FBA549000B2B29A /* LaunchScreen.storyboard in Resources */ = {isa = PBXBuildFile; fileRef = E58368931FBA549000B2B29A /* LaunchScreen.storyboard */; };
		E58368981FBA549000B2B29A /* main.m in Sources */ = {isa = PBXBuildFile; fileRef = E58368971FBA549000B2B29A /* main.m */; };
		E5E2B9DB1FBA5A32003F2C2A /* UIColor+CustomColors.m in Sources */ = {isa = PBXBuildFile; fileRef = E5E2B9DA1FBA5A32003F2C2A /* UIColor+CustomColors.m */; };
		E5E2B9E21FBA6F79003F2C2A /* SAMainViewControllerTests.m in Sources */ = {isa = PBXBuildFile; fileRef = E5E2B9E11FBA6F79003F2C2A /* SAMainViewControllerTests.m */; };
		E5E2B9E41FBA6F86003F2C2A /* SAMainViewTests.m in Sources */ = {isa = PBXBuildFile; fileRef = E5E2B9E31FBA6F86003F2C2A /* SAMainViewTests.m */; };
/* End PBXBuildFile section */

/* Begin PBXContainerItemProxy section */
		E583689E1FBA549000B2B29A /* PBXContainerItemProxy */ = {
			isa = PBXContainerItemProxy;
			containerPortal = E583687D1FBA549000B2B29A /* Project object */;
			proxyType = 1;
			remoteGlobalIDString = E58368841FBA549000B2B29A;
			remoteInfo = SampleApplication;
		};
/* End PBXContainerItemProxy section */

/* Begin PBXFileReference section */
		0726345525AF04BDE637A2E6 /* Pods-SampleApplicationTests.release.xcconfig */ = {isa = PBXFileReference; includeInIndex = 1; lastKnownFileType = text.xcconfig; name = "Pods-SampleApplicationTests.release.xcconfig"; path = "Pods/Target Support Files/Pods-SampleApplicationTests/Pods-SampleApplicationTests.release.xcconfig"; sourceTree = "<group>"; };
		3952CC0F3C8133C7B2C30FFB /* libPods-SampleApplicationTests.a */ = {isa = PBXFileReference; explicitFileType = archive.ar; includeInIndex = 0; path = "libPods-SampleApplicationTests.a"; sourceTree = BUILT_PRODUCTS_DIR; };
		58D2C2B304B6584D70EC4592 /* Pods-SampleApplication.release.xcconfig */ = {isa = PBXFileReference; includeInIndex = 1; lastKnownFileType = text.xcconfig; name = "Pods-SampleApplication.release.xcconfig"; path = "Pods/Target Support Files/Pods-SampleApplication/Pods-SampleApplication.release.xcconfig"; sourceTree = "<group>"; };
		6CC73815B4B3575B5B4DEC76 /* libPods-SampleApplication.a */ = {isa = PBXFileReference; explicitFileType = archive.ar; includeInIndex = 0; path = "libPods-SampleApplication.a"; sourceTree = BUILT_PRODUCTS_DIR; };
		6DCD8D34057ACC3B32D30C3C /* Pods-SampleApplicationTests.debug.xcconfig */ = {isa = PBXFileReference; includeInIndex = 1; lastKnownFileType = text.xcconfig; name = "Pods-SampleApplicationTests.debug.xcconfig"; path = "Pods/Target Support Files/Pods-SampleApplicationTests/Pods-SampleApplicationTests.debug.xcconfig"; sourceTree = "<group>"; };
		780F760CB8928653F9719EA5 /* Pods-SampleApplication.debug.xcconfig */ = {isa = PBXFileReference; includeInIndex = 1; lastKnownFileType = text.xcconfig; name = "Pods-SampleApplication.debug.xcconfig"; path = "Pods/Target Support Files/Pods-SampleApplication/Pods-SampleApplication.debug.xcconfig"; sourceTree = "<group>"; };
		E56998C91FBA580C00FB2BCF /* SAMainView.h */ = {isa = PBXFileReference; lastKnownFileType = sourcecode.c.h; path = SAMainView.h; sourceTree = "<group>"; };
		E56998CA1FBA580C00FB2BCF /* SAMainView.m */ = {isa = PBXFileReference; lastKnownFileType = sourcecode.c.objc; path = SAMainView.m; sourceTree = "<group>"; };
		E58368851FBA549000B2B29A /* SampleApplication.app */ = {isa = PBXFileReference; explicitFileType = wrapper.application; includeInIndex = 0; path = SampleApplication.app; sourceTree = BUILT_PRODUCTS_DIR; };
		E58368881FBA549000B2B29A /* AppDelegate.h */ = {isa = PBXFileReference; lastKnownFileType = sourcecode.c.h; path = AppDelegate.h; sourceTree = "<group>"; };
		E58368891FBA549000B2B29A /* AppDelegate.m */ = {isa = PBXFileReference; lastKnownFileType = sourcecode.c.objc; path = AppDelegate.m; sourceTree = "<group>"; };
		E583688B1FBA549000B2B29A /* SAMainViewController.h */ = {isa = PBXFileReference; lastKnownFileType = sourcecode.c.h; path = SAMainViewController.h; sourceTree = "<group>"; };
		E583688C1FBA549000B2B29A /* SAMainViewController.m */ = {isa = PBXFileReference; lastKnownFileType = sourcecode.c.objc; path = SAMainViewController.m; sourceTree = "<group>"; };
		E583688F1FBA549000B2B29A /* Base */ = {isa = PBXFileReference; lastKnownFileType = file.storyboard; name = Base; path = Base.lproj/Main.storyboard; sourceTree = "<group>"; };
		E58368911FBA549000B2B29A /* Assets.xcassets */ = {isa = PBXFileReference; lastKnownFileType = folder.assetcatalog; path = Assets.xcassets; sourceTree = "<group>"; };
		E58368941FBA549000B2B29A /* Base */ = {isa = PBXFileReference; lastKnownFileType = file.storyboard; name = Base; path = Base.lproj/LaunchScreen.storyboard; sourceTree = "<group>"; };
		E58368961FBA549000B2B29A /* Info.plist */ = {isa = PBXFileReference; lastKnownFileType = text.plist.xml; path = Info.plist; sourceTree = "<group>"; };
		E58368971FBA549000B2B29A /* main.m */ = {isa = PBXFileReference; lastKnownFileType = sourcecode.c.objc; path = main.m; sourceTree = "<group>"; };
		E583689D1FBA549000B2B29A /* SampleApplicationTests.xctest */ = {isa = PBXFileReference; explicitFileType = wrapper.cfbundle; includeInIndex = 0; path = SampleApplicationTests.xctest; sourceTree = BUILT_PRODUCTS_DIR; };
		E58368A31FBA549000B2B29A /* Info.plist */ = {isa = PBXFileReference; lastKnownFileType = text.plist.xml; path = Info.plist; sourceTree = "<group>"; };
		E5E2B9D91FBA5A32003F2C2A /* UIColor+CustomColors.h */ = {isa = PBXFileReference; lastKnownFileType = sourcecode.c.h; path = "UIColor+CustomColors.h"; sourceTree = "<group>"; };
		E5E2B9DA1FBA5A32003F2C2A /* UIColor+CustomColors.m */ = {isa = PBXFileReference; lastKnownFileType = sourcecode.c.objc; path = "UIColor+CustomColors.m"; sourceTree = "<group>"; };
		E5E2B9E11FBA6F79003F2C2A /* SAMainViewControllerTests.m */ = {isa = PBXFileReference; lastKnownFileType = sourcecode.c.objc; path = SAMainViewControllerTests.m; sourceTree = "<group>"; };
		E5E2B9E31FBA6F86003F2C2A /* SAMainViewTests.m */ = {isa = PBXFileReference; lastKnownFileType = sourcecode.c.objc; path = SAMainViewTests.m; sourceTree = "<group>"; };
/* End PBXFileReference section */

/* Begin PBXFrameworksBuildPhase section */
		E58368821FBA549000B2B29A /* Frameworks */ = {
			isa = PBXFrameworksBuildPhase;
			buildActionMask = 2147483647;
			files = (
				1683785EF62A0EED942BE16B /* libPods-SampleApplication.a in Frameworks */,
			);
			runOnlyForDeploymentPostprocessing = 0;
		};
		E583689A1FBA549000B2B29A /* Frameworks */ = {
			isa = PBXFrameworksBuildPhase;
			buildActionMask = 2147483647;
			files = (
				5EB0522E21CB126F100A5700 /* libPods-SampleApplicationTests.a in Frameworks */,
			);
			runOnlyForDeploymentPostprocessing = 0;
		};
/* End PBXFrameworksBuildPhase section */

/* Begin PBXGroup section */
		E56998C31FBA56D500FB2BCF /* Views */ = {
			isa = PBXGroup;
			children = (
				E56998C91FBA580C00FB2BCF /* SAMainView.h */,
				E56998CA1FBA580C00FB2BCF /* SAMainView.m */,
			);
			path = Views;
			sourceTree = "<group>";
		};
		E56998C41FBA56DC00FB2BCF /* View Controllers */ = {
			isa = PBXGroup;
			children = (
				E583688B1FBA549000B2B29A /* SAMainViewController.h */,
				E583688C1FBA549000B2B29A /* SAMainViewController.m */,
			);
			path = "View Controllers";
			sourceTree = "<group>";
		};
		E56998C51FBA56E700FB2BCF /* Helpers */ = {
			isa = PBXGroup;
			children = (
				E5E2B9D81FBA59F0003F2C2A /* Categories */,
			);
			path = Helpers;
			sourceTree = "<group>";
		};
		E56998C71FBA56F800FB2BCF /* Storyboards */ = {
			isa = PBXGroup;
			children = (
				E58368931FBA549000B2B29A /* LaunchScreen.storyboard */,
				E583688E1FBA549000B2B29A /* Main.storyboard */,
			);
			path = Storyboards;
			sourceTree = "<group>";
		};
		E56998C81FBA570000FB2BCF /* Supporting Files */ = {
			isa = PBXGroup;
			children = (
				E58368881FBA549000B2B29A /* AppDelegate.h */,
				E58368891FBA549000B2B29A /* AppDelegate.m */,
				E58368911FBA549000B2B29A /* Assets.xcassets */,
				E58368971FBA549000B2B29A /* main.m */,
			);
			path = "Supporting Files";
			sourceTree = "<group>";
		};
		E583687C1FBA549000B2B29A = {
			isa = PBXGroup;
			children = (
				E58368871FBA549000B2B29A /* SampleApplication */,
				E58368A01FBA549000B2B29A /* SampleApplicationTests */,
				E58368861FBA549000B2B29A /* Products */,
				F35F91890CC7BDE374E18CEB /* Pods */,
				F8EB30313F220F2E55AC0723 /* Frameworks */,
			);
			sourceTree = "<group>";
		};
		E58368861FBA549000B2B29A /* Products */ = {
			isa = PBXGroup;
			children = (
				E58368851FBA549000B2B29A /* SampleApplication.app */,
				E583689D1FBA549000B2B29A /* SampleApplicationTests.xctest */,
			);
			name = Products;
			sourceTree = "<group>";
		};
		E58368871FBA549000B2B29A /* SampleApplication */ = {
			isa = PBXGroup;
			children = (
				E56998C51FBA56E700FB2BCF /* Helpers */,
				E56998C71FBA56F800FB2BCF /* Storyboards */,
				E56998C81FBA570000FB2BCF /* Supporting Files */,
				E56998C41FBA56DC00FB2BCF /* View Controllers */,
				E56998C31FBA56D500FB2BCF /* Views */,
				E58368961FBA549000B2B29A /* Info.plist */,
			);
			path = SampleApplication;
			sourceTree = "<group>";
		};
		E58368A01FBA549000B2B29A /* SampleApplicationTests */ = {
			isa = PBXGroup;
			children = (
				E5E2B9DF1FBA6F4D003F2C2A /* View Controllers */,
				E5E2B9E01FBA6F56003F2C2A /* Views */,
				E58368A31FBA549000B2B29A /* Info.plist */,
			);
			path = SampleApplicationTests;
			sourceTree = "<group>";
		};
		E5E2B9D81FBA59F0003F2C2A /* Categories */ = {
			isa = PBXGroup;
			children = (
				E5E2B9D91FBA5A32003F2C2A /* UIColor+CustomColors.h */,
				E5E2B9DA1FBA5A32003F2C2A /* UIColor+CustomColors.m */,
			);
			path = Categories;
			sourceTree = "<group>";
		};
		E5E2B9DF1FBA6F4D003F2C2A /* View Controllers */ = {
			isa = PBXGroup;
			children = (
				E5E2B9E11FBA6F79003F2C2A /* SAMainViewControllerTests.m */,
			);
			path = "View Controllers";
			sourceTree = "<group>";
		};
		E5E2B9E01FBA6F56003F2C2A /* Views */ = {
			isa = PBXGroup;
			children = (
				E5E2B9E31FBA6F86003F2C2A /* SAMainViewTests.m */,
			);
			path = Views;
			sourceTree = "<group>";
		};
		F35F91890CC7BDE374E18CEB /* Pods */ = {
			isa = PBXGroup;
			children = (
				780F760CB8928653F9719EA5 /* Pods-SampleApplication.debug.xcconfig */,
				58D2C2B304B6584D70EC4592 /* Pods-SampleApplication.release.xcconfig */,
				6DCD8D34057ACC3B32D30C3C /* Pods-SampleApplicationTests.debug.xcconfig */,
				0726345525AF04BDE637A2E6 /* Pods-SampleApplicationTests.release.xcconfig */,
			);
			name = Pods;
			sourceTree = "<group>";
		};
		F8EB30313F220F2E55AC0723 /* Frameworks */ = {
			isa = PBXGroup;
			children = (
				6CC73815B4B3575B5B4DEC76 /* libPods-SampleApplication.a */,
				3952CC0F3C8133C7B2C30FFB /* libPods-SampleApplicationTests.a */,
			);
			name = Frameworks;
			sourceTree = "<group>";
		};
/* End PBXGroup section */

/* Begin PBXNativeTarget section */
		E58368841FBA549000B2B29A /* SampleApplication */ = {
			isa = PBXNativeTarget;
			buildConfigurationList = E58368A61FBA549000B2B29A /* Build configuration list for PBXNativeTarget "SampleApplication" */;
			buildPhases = (
				45BE46A20EC561C2DCD900BE /* [CP] Check Pods Manifest.lock */,
				E58368811FBA549000B2B29A /* Sources */,
				E58368821FBA549000B2B29A /* Frameworks */,
				E58368831FBA549000B2B29A /* Resources */,
				3AE4EFDF25495F9EE6835B14 /* [CP] Embed Pods Frameworks */,
				C2E452FBB6346D3E2129F417 /* [CP] Copy Pods Resources */,
			);
			buildRules = (
			);
			dependencies = (
			);
			name = SampleApplication;
			productName = SampleApplication;
			productReference = E58368851FBA549000B2B29A /* SampleApplication.app */;
			productType = "com.apple.product-type.application";
		};
		E583689C1FBA549000B2B29A /* SampleApplicationTests */ = {
			isa = PBXNativeTarget;
			buildConfigurationList = E58368A91FBA549000B2B29A /* Build configuration list for PBXNativeTarget "SampleApplicationTests" */;
			buildPhases = (
				1B602334CA713CCB16A804B3 /* [CP] Check Pods Manifest.lock */,
				E58368991FBA549000B2B29A /* Sources */,
				E583689A1FBA549000B2B29A /* Frameworks */,
				E583689B1FBA549000B2B29A /* Resources */,
				BF6FC069C4FC6CE442989E9B /* [CP] Embed Pods Frameworks */,
				59DA41AAFB366B601AEDE436 /* [CP] Copy Pods Resources */,
			);
			buildRules = (
			);
			dependencies = (
				E583689F1FBA549000B2B29A /* PBXTargetDependency */,
			);
			name = SampleApplicationTests;
			productName = SampleApplicationTests;
			productReference = E583689D1FBA549000B2B29A /* SampleApplicationTests.xctest */;
			productType = "com.apple.product-type.bundle.unit-test";
		};
/* End PBXNativeTarget section */

/* Begin PBXProject section */
		E583687D1FBA549000B2B29A /* Project object */ = {
			isa = PBXProject;
			attributes = {
				LastUpgradeCheck = 0900;
				ORGANIZATIONNAME = "Austin Albrecht";
				TargetAttributes = {
					E58368841FBA549000B2B29A = {
						CreatedOnToolsVersion = 9.0.1;
						ProvisioningStyle = Automatic;
					};
					E583689C1FBA549000B2B29A = {
						CreatedOnToolsVersion = 9.0.1;
						ProvisioningStyle = Automatic;
						TestTargetID = E58368841FBA549000B2B29A;
					};
				};
			};
			buildConfigurationList = E58368801FBA549000B2B29A /* Build configuration list for PBXProject "SampleApplication" */;
			compatibilityVersion = "Xcode 8.0";
			developmentRegion = en;
			hasScannedForEncodings = 0;
			knownRegions = (
				en,
				Base,
			);
			mainGroup = E583687C1FBA549000B2B29A;
			productRefGroup = E58368861FBA549000B2B29A /* Products */;
			projectDirPath = "";
			projectRoot = "";
			targets = (
				E58368841FBA549000B2B29A /* SampleApplication */,
				E583689C1FBA549000B2B29A /* SampleApplicationTests */,
			);
		};
/* End PBXProject section */

/* Begin PBXResourcesBuildPhase section */
		E58368831FBA549000B2B29A /* Resources */ = {
			isa = PBXResourcesBuildPhase;
			buildActionMask = 2147483647;
			files = (
				E58368951FBA549000B2B29A /* LaunchScreen.storyboard in Resources */,
				E58368921FBA549000B2B29A /* Assets.xcassets in Resources */,
				E58368901FBA549000B2B29A /* Main.storyboard in Resources */,
			);
			runOnlyForDeploymentPostprocessing = 0;
		};
		E583689B1FBA549000B2B29A /* Resources */ = {
			isa = PBXResourcesBuildPhase;
			buildActionMask = 2147483647;
			files = (
			);
			runOnlyForDeploymentPostprocessing = 0;
		};
/* End PBXResourcesBuildPhase section */

/* Begin PBXShellScriptBuildPhase section */
		1B602334CA713CCB16A804B3 /* [CP] Check Pods Manifest.lock */ = {
			isa = PBXShellScriptBuildPhase;
			buildActionMask = 2147483647;
			files = (
			);
			inputPaths = (
				"${PODS_PODFILE_DIR_PATH}/Podfile.lock",
				"${PODS_ROOT}/Manifest.lock",
			);
			name = "[CP] Check Pods Manifest.lock";
			outputPaths = (
				"$(DERIVED_FILE_DIR)/Pods-SampleApplicationTests-checkManifestLockResult.txt",
			);
			runOnlyForDeploymentPostprocessing = 0;
			shellPath = /bin/sh;
			shellScript = "diff \"${PODS_PODFILE_DIR_PATH}/Podfile.lock\" \"${PODS_ROOT}/Manifest.lock\" > /dev/null\nif [ $? != 0 ] ; then\n    # print error to STDERR\n    echo \"error: The sandbox is not in sync with the Podfile.lock. Run 'pod install' or update your CocoaPods installation.\" >&2\n    exit 1\nfi\n# This output is used by Xcode 'outputs' to avoid re-running this script phase.\necho \"SUCCESS\" > \"${SCRIPT_OUTPUT_FILE_0}\"\n";
			showEnvVarsInLog = 0;
		};
		3AE4EFDF25495F9EE6835B14 /* [CP] Embed Pods Frameworks */ = {
			isa = PBXShellScriptBuildPhase;
			buildActionMask = 2147483647;
			files = (
			);
			inputPaths = (
			);
			name = "[CP] Embed Pods Frameworks";
			outputPaths = (
			);
			runOnlyForDeploymentPostprocessing = 0;
			shellPath = /bin/sh;
			shellScript = "\"${SRCROOT}/Pods/Target Support Files/Pods-SampleApplication/Pods-SampleApplication-frameworks.sh\"\n";
			showEnvVarsInLog = 0;
		};
		45BE46A20EC561C2DCD900BE /* [CP] Check Pods Manifest.lock */ = {
			isa = PBXShellScriptBuildPhase;
			buildActionMask = 2147483647;
			files = (
			);
			inputPaths = (
				"${PODS_PODFILE_DIR_PATH}/Podfile.lock",
				"${PODS_ROOT}/Manifest.lock",
			);
			name = "[CP] Check Pods Manifest.lock";
			outputPaths = (
				"$(DERIVED_FILE_DIR)/Pods-SampleApplication-checkManifestLockResult.txt",
			);
			runOnlyForDeploymentPostprocessing = 0;
			shellPath = /bin/sh;
			shellScript = "diff \"${PODS_PODFILE_DIR_PATH}/Podfile.lock\" \"${PODS_ROOT}/Manifest.lock\" > /dev/null\nif [ $? != 0 ] ; then\n    # print error to STDERR\n    echo \"error: The sandbox is not in sync with the Podfile.lock. Run 'pod install' or update your CocoaPods installation.\" >&2\n    exit 1\nfi\n# This output is used by Xcode 'outputs' to avoid re-running this script phase.\necho \"SUCCESS\" > \"${SCRIPT_OUTPUT_FILE_0}\"\n";
			showEnvVarsInLog = 0;
		};
		59DA41AAFB366B601AEDE436 /* [CP] Copy Pods Resources */ = {
			isa = PBXShellScriptBuildPhase;
			buildActionMask = 2147483647;
			files = (
			);
			inputPaths = (
			);
			name = "[CP] Copy Pods Resources";
			outputPaths = (
			);
			runOnlyForDeploymentPostprocessing = 0;
			shellPath = /bin/sh;
			shellScript = "\"${SRCROOT}/Pods/Target Support Files/Pods-SampleApplicationTests/Pods-SampleApplicationTests-resources.sh\"\n";
			showEnvVarsInLog = 0;
		};
		BF6FC069C4FC6CE442989E9B /* [CP] Embed Pods Frameworks */ = {
			isa = PBXShellScriptBuildPhase;
			buildActionMask = 2147483647;
			files = (
			);
			inputPaths = (
			);
			name = "[CP] Embed Pods Frameworks";
			outputPaths = (
			);
			runOnlyForDeploymentPostprocessing = 0;
			shellPath = /bin/sh;
			shellScript = "\"${SRCROOT}/Pods/Target Support Files/Pods-SampleApplicationTests/Pods-SampleApplicationTests-frameworks.sh\"\n";
			showEnvVarsInLog = 0;
		};
		C2E452FBB6346D3E2129F417 /* [CP] Copy Pods Resources */ = {
			isa = PBXShellScriptBuildPhase;
			buildActionMask = 2147483647;
			files = (
			);
			inputPaths = (
			);
			name = "[CP] Copy Pods Resources";
			outputPaths = (
			);
			runOnlyForDeploymentPostprocessing = 0;
			shellPath = /bin/sh;
			shellScript = "\"${SRCROOT}/Pods/Target Support Files/Pods-SampleApplication/Pods-SampleApplication-resources.sh\"\n";
			showEnvVarsInLog = 0;
		};
/* End PBXShellScriptBuildPhase section */

/* Begin PBXSourcesBuildPhase section */
		E58368811FBA549000B2B29A /* Sources */ = {
			isa = PBXSourcesBuildPhase;
			buildActionMask = 2147483647;
			files = (
				E583688D1FBA549000B2B29A /* SAMainViewController.m in Sources */,
				E58368981FBA549000B2B29A /* main.m in Sources */,
				E5E2B9DB1FBA5A32003F2C2A /* UIColor+CustomColors.m in Sources */,
				E583688A1FBA549000B2B29A /* AppDelegate.m in Sources */,
				E56998CB1FBA580C00FB2BCF /* SAMainView.m in Sources */,
			);
			runOnlyForDeploymentPostprocessing = 0;
		};
		E58368991FBA549000B2B29A /* Sources */ = {
			isa = PBXSourcesBuildPhase;
			buildActionMask = 2147483647;
			files = (
				E5E2B9E21FBA6F79003F2C2A /* SAMainViewControllerTests.m in Sources */,
				E5E2B9E41FBA6F86003F2C2A /* SAMainViewTests.m in Sources */,
			);
			runOnlyForDeploymentPostprocessing = 0;
		};
/* End PBXSourcesBuildPhase section */

/* Begin PBXTargetDependency section */
		E583689F1FBA549000B2B29A /* PBXTargetDependency */ = {
			isa = PBXTargetDependency;
			target = E58368841FBA549000B2B29A /* SampleApplication */;
			targetProxy = E583689E1FBA549000B2B29A /* PBXContainerItemProxy */;
		};
/* End PBXTargetDependency section */

/* Begin PBXVariantGroup section */
		E583688E1FBA549000B2B29A /* Main.storyboard */ = {
			isa = PBXVariantGroup;
			children = (
				E583688F1FBA549000B2B29A /* Base */,
			);
			name = Main.storyboard;
			sourceTree = "<group>";
		};
		E58368931FBA549000B2B29A /* LaunchScreen.storyboard */ = {
			isa = PBXVariantGroup;
			children = (
				E58368941FBA549000B2B29A /* Base */,
			);
			name = LaunchScreen.storyboard;
			sourceTree = "<group>";
		};
/* End PBXVariantGroup section */

/* Begin XCBuildConfiguration section */
		E58368A41FBA549000B2B29A /* Debug */ = {
			isa = XCBuildConfiguration;
			buildSettings = {
				ALWAYS_SEARCH_USER_PATHS = NO;
				CLANG_ANALYZER_NONNULL = YES;
				CLANG_ANALYZER_NUMBER_OBJECT_CONVERSION = YES_AGGRESSIVE;
				CLANG_CXX_LANGUAGE_STANDARD = "gnu++14";
				CLANG_CXX_LIBRARY = "libc++";
				CLANG_ENABLE_MODULES = YES;
				CLANG_ENABLE_OBJC_ARC = YES;
				CLANG_WARN_BLOCK_CAPTURE_AUTORELEASING = YES;
				CLANG_WARN_BOOL_CONVERSION = YES;
				CLANG_WARN_COMMA = YES;
				CLANG_WARN_CONSTANT_CONVERSION = YES;
				CLANG_WARN_DIRECT_OBJC_ISA_USAGE = YES_ERROR;
				CLANG_WARN_DOCUMENTATION_COMMENTS = YES;
				CLANG_WARN_EMPTY_BODY = YES;
				CLANG_WARN_ENUM_CONVERSION = YES;
				CLANG_WARN_INFINITE_RECURSION = YES;
				CLANG_WARN_INT_CONVERSION = YES;
				CLANG_WARN_NON_LITERAL_NULL_CONVERSION = YES;
				CLANG_WARN_OBJC_LITERAL_CONVERSION = YES;
				CLANG_WARN_OBJC_ROOT_CLASS = YES_ERROR;
				CLANG_WARN_RANGE_LOOP_ANALYSIS = YES;
				CLANG_WARN_STRICT_PROTOTYPES = YES;
				CLANG_WARN_SUSPICIOUS_MOVE = YES;
				CLANG_WARN_UNGUARDED_AVAILABILITY = YES_AGGRESSIVE;
				CLANG_WARN_UNREACHABLE_CODE = YES;
				CLANG_WARN__DUPLICATE_METHOD_MATCH = YES;
				CODE_SIGN_IDENTITY = "iPhone Developer";
				COPY_PHASE_STRIP = NO;
				DEBUG_INFORMATION_FORMAT = dwarf;
				ENABLE_STRICT_OBJC_MSGSEND = YES;
				ENABLE_TESTABILITY = YES;
				GCC_C_LANGUAGE_STANDARD = gnu11;
				GCC_DYNAMIC_NO_PIC = NO;
				GCC_NO_COMMON_BLOCKS = YES;
				GCC_OPTIMIZATION_LEVEL = 0;
				GCC_PREPROCESSOR_DEFINITIONS = (
					"DEBUG=1",
					"$(inherited)",
				);
				GCC_WARN_64_TO_32_BIT_CONVERSION = YES;
				GCC_WARN_ABOUT_RETURN_TYPE = YES_ERROR;
				GCC_WARN_UNDECLARED_SELECTOR = YES;
				GCC_WARN_UNINITIALIZED_AUTOS = YES_AGGRESSIVE;
				GCC_WARN_UNUSED_FUNCTION = YES;
				GCC_WARN_UNUSED_VARIABLE = YES;
				IPHONEOS_DEPLOYMENT_TARGET = 9.0;
				MTL_ENABLE_DEBUG_INFO = YES;
				ONLY_ACTIVE_ARCH = YES;
				SDKROOT = iphoneos;
			};
			name = Debug;
		};
		E58368A51FBA549000B2B29A /* Release */ = {
			isa = XCBuildConfiguration;
			buildSettings = {
				ALWAYS_SEARCH_USER_PATHS = NO;
				CLANG_ANALYZER_NONNULL = YES;
				CLANG_ANALYZER_NUMBER_OBJECT_CONVERSION = YES_AGGRESSIVE;
				CLANG_CXX_LANGUAGE_STANDARD = "gnu++14";
				CLANG_CXX_LIBRARY = "libc++";
				CLANG_ENABLE_MODULES = YES;
				CLANG_ENABLE_OBJC_ARC = YES;
				CLANG_WARN_BLOCK_CAPTURE_AUTORELEASING = YES;
				CLANG_WARN_BOOL_CONVERSION = YES;
				CLANG_WARN_COMMA = YES;
				CLANG_WARN_CONSTANT_CONVERSION = YES;
				CLANG_WARN_DIRECT_OBJC_ISA_USAGE = YES_ERROR;
				CLANG_WARN_DOCUMENTATION_COMMENTS = YES;
				CLANG_WARN_EMPTY_BODY = YES;
				CLANG_WARN_ENUM_CONVERSION = YES;
				CLANG_WARN_INFINITE_RECURSION = YES;
				CLANG_WARN_INT_CONVERSION = YES;
				CLANG_WARN_NON_LITERAL_NULL_CONVERSION = YES;
				CLANG_WARN_OBJC_LITERAL_CONVERSION = YES;
				CLANG_WARN_OBJC_ROOT_CLASS = YES_ERROR;
				CLANG_WARN_RANGE_LOOP_ANALYSIS = YES;
				CLANG_WARN_STRICT_PROTOTYPES = YES;
				CLANG_WARN_SUSPICIOUS_MOVE = YES;
				CLANG_WARN_UNGUARDED_AVAILABILITY = YES_AGGRESSIVE;
				CLANG_WARN_UNREACHABLE_CODE = YES;
				CLANG_WARN__DUPLICATE_METHOD_MATCH = YES;
				CODE_SIGN_IDENTITY = "iPhone Developer";
				COPY_PHASE_STRIP = NO;
				DEBUG_INFORMATION_FORMAT = "dwarf-with-dsym";
				ENABLE_NS_ASSERTIONS = NO;
				ENABLE_STRICT_OBJC_MSGSEND = YES;
				GCC_C_LANGUAGE_STANDARD = gnu11;
				GCC_NO_COMMON_BLOCKS = YES;
				GCC_WARN_64_TO_32_BIT_CONVERSION = YES;
				GCC_WARN_ABOUT_RETURN_TYPE = YES_ERROR;
				GCC_WARN_UNDECLARED_SELECTOR = YES;
				GCC_WARN_UNINITIALIZED_AUTOS = YES_AGGRESSIVE;
				GCC_WARN_UNUSED_FUNCTION = YES;
				GCC_WARN_UNUSED_VARIABLE = YES;
				IPHONEOS_DEPLOYMENT_TARGET = 9.0;
				MTL_ENABLE_DEBUG_INFO = NO;
				SDKROOT = iphoneos;
				VALIDATE_PRODUCT = YES;
			};
			name = Release;
		};
		E58368A71FBA549000B2B29A /* Debug */ = {
			isa = XCBuildConfiguration;
			baseConfigurationReference = 780F760CB8928653F9719EA5 /* Pods-SampleApplication.debug.xcconfig */;
			buildSettings = {
				ASSETCATALOG_COMPILER_APPICON_NAME = AppIcon;
				CODE_SIGN_STYLE = Automatic;
				DEVELOPMENT_TEAM = A9L6EH6384;
				INFOPLIST_FILE = SampleApplication/Info.plist;
				IPHONEOS_DEPLOYMENT_TARGET = 9.0;
				LD_RUNPATH_SEARCH_PATHS = "$(inherited) @executable_path/Frameworks";
				PRODUCT_BUNDLE_IDENTIFIER = com.austinalbrecht.SampleApplication;
				PRODUCT_NAME = "$(TARGET_NAME)";
				TARGETED_DEVICE_FAMILY = "1,2";
			};
			name = Debug;
		};
		E58368A81FBA549000B2B29A /* Release */ = {
			isa = XCBuildConfiguration;
			baseConfigurationReference = 58D2C2B304B6584D70EC4592 /* Pods-SampleApplication.release.xcconfig */;
			buildSettings = {
				ASSETCATALOG_COMPILER_APPICON_NAME = AppIcon;
				CODE_SIGN_STYLE = Automatic;
				DEVELOPMENT_TEAM = A9L6EH6384;
				INFOPLIST_FILE = SampleApplication/Info.plist;
				IPHONEOS_DEPLOYMENT_TARGET = 9.0;
				LD_RUNPATH_SEARCH_PATHS = "$(inherited) @executable_path/Frameworks";
				PRODUCT_BUNDLE_IDENTIFIER = com.austinalbrecht.SampleApplication;
				PRODUCT_NAME = "$(TARGET_NAME)";
				TARGETED_DEVICE_FAMILY = "1,2";
			};
			name = Release;
		};
		E58368AA1FBA549000B2B29A /* Debug */ = {
			isa = XCBuildConfiguration;
			baseConfigurationReference = 6DCD8D34057ACC3B32D30C3C /* Pods-SampleApplicationTests.debug.xcconfig */;
			buildSettings = {
				BUNDLE_LOADER = "$(TEST_HOST)";
				CODE_SIGN_STYLE = Automatic;
				DEVELOPMENT_TEAM = A9L6EH6384;
				INFOPLIST_FILE = SampleApplicationTests/Info.plist;
				LD_RUNPATH_SEARCH_PATHS = "$(inherited) @executable_path/Frameworks @loader_path/Frameworks";
				PRODUCT_BUNDLE_IDENTIFIER = com.austinalbrecht.SampleApplicationTests;
				PRODUCT_NAME = "$(TARGET_NAME)";
				TARGETED_DEVICE_FAMILY = "1,2";
				TEST_HOST = "$(BUILT_PRODUCTS_DIR)/SampleApplication.app/SampleApplication";
			};
			name = Debug;
		};
		E58368AB1FBA549000B2B29A /* Release */ = {
			isa = XCBuildConfiguration;
			baseConfigurationReference = 0726345525AF04BDE637A2E6 /* Pods-SampleApplicationTests.release.xcconfig */;
			buildSettings = {
				BUNDLE_LOADER = "$(TEST_HOST)";
				CODE_SIGN_STYLE = Automatic;
				DEVELOPMENT_TEAM = A9L6EH6384;
				INFOPLIST_FILE = SampleApplicationTests/Info.plist;
				LD_RUNPATH_SEARCH_PATHS = "$(inherited) @executable_path/Frameworks @loader_path/Frameworks";
				PRODUCT_BUNDLE_IDENTIFIER = com.austinalbrecht.SampleApplicationTests;
				PRODUCT_NAME = "$(TARGET_NAME)";
				TARGETED_DEVICE_FAMILY = "1,2";
				TEST_HOST = "$(BUILT_PRODUCTS_DIR)/SampleApplication.app/SampleApplication";
			};
			name = Release;
		};
/* End XCBuildConfiguration section */

/* Begin XCConfigurationList section */
		E58368801FBA549000B2B29A /* Build configuration list for PBXProject "SampleApplication" */ = {
			isa = XCConfigurationList;
			buildConfigurations = (
				E58368A41FBA549000B2B29A /* Debug */,
				E58368A51FBA549000B2B29A /* Release */,
			);
			defaultConfigurationIsVisible = 0;
			defaultConfigurationName = Release;
		};
		E58368A61FBA549000B2B29A /* Build configuration list for PBXNativeTarget "SampleApplication" */ = {
			isa = XCConfigurationList;
			buildConfigurations = (
				E58368A71FBA549000B2B29A /* Debug */,
				E58368A81FBA549000B2B29A /* Release */,
			);
			defaultConfigurationIsVisible = 0;
			defaultConfigurationName = Release;
		};
		E58368A91FBA549000B2B29A /* Build configuration list for PBXNativeTarget "SampleApplicationTests" */ = {
			isa = XCConfigurationList;
			buildConfigurations = (
				E58368AA1FBA549000B2B29A /* Debug */,
				E58368AB1FBA549000B2B29A /* Release */,
			);
			defaultConfigurationIsVisible = 0;
			defaultConfigurationName = Release;
		};
/* End XCConfigurationList section */
	};
	rootObject = E583687D1FBA549000B2B29A /* Project object */;
}
